<?xml version="1.0" encoding="utf-8"?>
<Project ToolsVersion="4.0" xmlns="http://schemas.microsoft.com/developer/msbuild/2003">
  <ItemGroup>
    <Filter Include="소스 파일">
      <UniqueIdentifier>{4FC737F1-C7A5-4376-A066-2A32D752A2FF}</UniqueIdentifier>
      <Extensions>cpp;c;cc;cxx;def;odl;idl;hpj;bat;asm;asmx</Extensions>
    </Filter>
    <Filter Include="헤더 파일">
      <UniqueIdentifier>{93995380-89BD-4b04-88EB-625FBE52EBFB}</UniqueIdentifier>
      <Extensions>h;hh;hpp;hxx;hm;inl;inc;xsd</Extensions>
    </Filter>
    <Filter Include="리소스 파일">
      <UniqueIdentifier>{67DA6AB6-F800-4c08-8B7A-83BB121AAD01}</UniqueIdentifier>
      <Extensions>rc;ico;cur;bmp;dlg;rc2;rct;bin;rgs;gif;jpg;jpeg;jpe;resx;tiff;tif;png;wav;mfcribbon-ms</Extensions>
    </Filter>
  </ItemGroup>
  <ItemGroup>
    <Text Include="ReadMe.txt" />
  </ItemGroup>
  <ItemGroup>
    <ClInclude Include="Classify.h">
      <Filter>헤더 파일</Filter>
    </ClInclude>
    <ClInclude Include="stdafx.h">
      <Filter>헤더 파일</Filter>
    </ClInclude>
    <ClInclude Include="targetver.h">
      <Filter>헤더 파일</Filter>
    </ClInclude>
    <ClInclude Include="MainFrm.h">
      <Filter>헤더 파일</Filter>
    </ClInclude>
    <ClInclude Include="ChildFrm.h">
      <Filter>헤더 파일</Filter>
    </ClInclude>
    <ClInclude Include="ClassifyDoc.h">
      <Filter>헤더 파일</Filter>
    </ClInclude>
    <ClInclude Include="ClassifyView.h">
      <Filter>헤더 파일</Filter>
    </ClInclude>
    <ClInclude Include="Resource.h">
      <Filter>헤더 파일</Filter>
    </ClInclude>
    <ClInclude Include="FileView.h">
      <Filter>헤더 파일</Filter>
    </ClInclude>
    <ClInclude Include="ClassView.h">
      <Filter>헤더 파일</Filter>
    </ClInclude>
    <ClInclude Include="OutputWnd.h">
      <Filter>헤더 파일</Filter>
    </ClInclude>
    <ClInclude Include="PropertiesWnd.h">
      <Filter>헤더 파일</Filter>
    </ClInclude>
    <ClInclude Include="CalendarBar.h">
      <Filter>헤더 파일</Filter>
    </ClInclude>
    <ClInclude Include="DDP.h">
      <Filter>헤더 파일</Filter>
    </ClInclude>
    <ClInclude Include="DDPDoc.h">
      <Filter>헤더 파일</Filter>
    </ClInclude>
    <ClInclude Include="DDPView.h">
      <Filter>헤더 파일</Filter>
    </ClInclude>
    <ClInclude Include="ClaByDDF.h">
      <Filter>헤더 파일</Filter>
    </ClInclude>
    <ClInclude Include="ClaByDDFDOC.h">
      <Filter>헤더 파일</Filter>
    </ClInclude>
    <ClInclude Include="ClaByDDFView.h">
      <Filter>헤더 파일</Filter>
    </ClInclude>
    <ClInclude Include="ClassifyMethod.h">
      <Filter>헤더 파일</Filter>
    </ClInclude>
    <ClInclude Include="SWMDialog.h">
      <Filter>헤더 파일</Filter>
    </ClInclude>
    <ClInclude Include="UtilFunction.h">
      <Filter>헤더 파일</Filter>
    </ClInclude>
    <ClInclude Include="EditSWFile.h">
      <Filter>헤더 파일</Filter>
    </ClInclude>
    <ClInclude Include="NewSWFile.h">
      <Filter>헤더 파일</Filter>
    </ClInclude>
    <ClInclude Include="EDIW.h">
      <Filter>헤더 파일</Filter>
    </ClInclude>
    <ClInclude Include="WordBunddle.h">
      <Filter>헤더 파일</Filter>
    </ClInclude>
    <ClInclude Include="CompareDlg.h">
      <Filter>헤더 파일</Filter>
    </ClInclude>
    <ClInclude Include="Clustering.h">
      <Filter>헤더 파일</Filter>
    </ClInclude>
    <ClInclude Include="ClusteringDoc.h">
      <Filter>헤더 파일</Filter>
    </ClInclude>
    <ClInclude Include="ClusteringView.h">
      <Filter>헤더 파일</Filter>
    </ClInclude>
    <ClInclude Include="ViewTree.h">
      <Filter>헤더 파일</Filter>
    </ClInclude>
    <ClInclude Include="WordStorage.h">
      <Filter>헤더 파일</Filter>
    </ClInclude>
    <ClInclude Include="DocMat.h">
      <Filter>헤더 파일</Filter>
    </ClInclude>
    <ClInclude Include="TestDlg.h">
      <Filter>헤더 파일</Filter>
    </ClInclude>
    <ClInclude Include="JNIControl.h">
      <Filter>헤더 파일</Filter>
    </ClInclude>
  </ItemGroup>
  <ItemGroup>
    <ClCompile Include="Classify.cpp">
      <Filter>소스 파일</Filter>
    </ClCompile>
    <ClCompile Include="stdafx.cpp">
      <Filter>소스 파일</Filter>
    </ClCompile>
    <ClCompile Include="MainFrm.cpp">
      <Filter>소스 파일</Filter>
    </ClCompile>
    <ClCompile Include="ChildFrm.cpp">
      <Filter>소스 파일</Filter>
    </ClCompile>
    <ClCompile Include="ClassifyDoc.cpp">
      <Filter>소스 파일</Filter>
    </ClCompile>
    <ClCompile Include="ClassifyView.cpp">
      <Filter>소스 파일</Filter>
    </ClCompile>
    <ClCompile Include="FileView.cpp">
      <Filter>소스 파일</Filter>
    </ClCompile>
    <ClCompile Include="ClassView.cpp">
      <Filter>소스 파일</Filter>
    </ClCompile>
    <ClCompile Include="OutputWnd.cpp">
      <Filter>소스 파일</Filter>
    </ClCompile>
    <ClCompile Include="PropertiesWnd.cpp">
      <Filter>소스 파일</Filter>
    </ClCompile>
    <ClCompile Include="CalendarBar.cpp">
      <Filter>소스 파일</Filter>
    </ClCompile>
    <ClCompile Include="DDP.cpp">
      <Filter>소스 파일</Filter>
    </ClCompile>
    <ClCompile Include="DDPDoc.cpp">
      <Filter>소스 파일</Filter>
    </ClCompile>
    <ClCompile Include="DDPView.cpp">
      <Filter>소스 파일</Filter>
    </ClCompile>
    <ClCompile Include="ClaByDDF.cpp">
      <Filter>소스 파일</Filter>
    </ClCompile>
    <ClCompile Include="ClaByDDFDOC.cpp">
      <Filter>소스 파일</Filter>
    </ClCompile>
    <ClCompile Include="ClaByDDFView.cpp">
      <Filter>소스 파일</Filter>
    </ClCompile>
    <ClCompile Include="ClassifyMethod.cpp">
      <Filter>소스 파일</Filter>
    </ClCompile>
    <ClCompile Include="SWMDialog.cpp">
      <Filter>소스 파일</Filter>
    </ClCompile>
    <ClCompile Include="UtilFunction.cpp">
      <Filter>소스 파일</Filter>
    </ClCompile>
    <ClCompile Include="EditSWFile.cpp">
      <Filter>소스 파일</Filter>
    </ClCompile>
    <ClCompile Include="NewSWFile.cpp">
      <Filter>소스 파일</Filter>
    </ClCompile>
    <ClCompile Include="EDIW.cpp">
      <Filter>소스 파일</Filter>
    </ClCompile>
    <ClCompile Include="WordBunddle.cpp">
      <Filter>소스 파일</Filter>
    </ClCompile>
    <ClCompile Include="CompareDlg.cpp">
      <Filter>소스 파일</Filter>
    </ClCompile>
    <ClCompile Include="Clustering.cpp">
      <Filter>소스 파일</Filter>
    </ClCompile>
    <ClCompile Include="ClusteringDoc.cpp">
      <Filter>소스 파일</Filter>
    </ClCompile>
    <ClCompile Include="ClusteringView.cpp">
      <Filter>소스 파일</Filter>
    </ClCompile>
    <ClCompile Include="ViewTree.cpp">
      <Filter>소스 파일</Filter>
    </ClCompile>
    <ClCompile Include="WordStorage.cpp">
      <Filter>소스 파일</Filter>
    </ClCompile>
    <ClCompile Include="DocMat.cpp">
      <Filter>소스 파일</Filter>
    </ClCompile>
    <ClCompile Include="TestDlg.cpp">
      <Filter>소스 파일</Filter>
    </ClCompile>
    <ClCompile Include="JNIControl.cpp">
      <Filter>소스 파일</Filter>
    </ClCompile>
  </ItemGroup>
  <ItemGroup>
    <None Include="Classify.reg" />
    <None Include="res\Classify.rc2">
      <Filter>리소스 파일</Filter>
    </None>
  </ItemGroup>
  <ItemGroup>
    <ResourceCompile Include="Classify.rc">
      <Filter>리소스 파일</Filter>
    </ResourceCompile>
  </ItemGroup>
  <ItemGroup>
    <Image Include="res\file_view.ico">
      <Filter>리소스 파일</Filter>
    </Image>
    <Image Include="res\file_view_hc.ico">
      <Filter>리소스 파일</Filter>
    </Image>
    <Image Include="res\class_view.ico">
      <Filter>리소스 파일</Filter>
    </Image>
    <Image Include="res\class_view_hc.ico">
      <Filter>리소스 파일</Filter>
    </Image>
    <Image Include="res\fileview.bmp">
      <Filter>리소스 파일</Filter>
    </Image>
    <Image Include="res\fileview_hc.bmp">
      <Filter>리소스 파일</Filter>
    </Image>
    <Image Include="res\classview.bmp">
      <Filter>리소스 파일</Filter>
    </Image>
    <Image Include="res\classview_hc.bmp">
      <Filter>리소스 파일</Filter>
    </Image>
    <Image Include="res\explorer.bmp">
      <Filter>리소스 파일</Filter>
    </Image>
    <Image Include="res\explorer_hc.bmp">
      <Filter>리소스 파일</Filter>
    </Image>
    <Image Include="res\sort.bmp">
      <Filter>리소스 파일</Filter>
    </Image>
    <Image Include="res\sort_hc.bmp">
      <Filter>리소스 파일</Filter>
    </Image>
    <Image Include="res\menuimages.bmp">
      <Filter>리소스 파일</Filter>
    </Image>
    <Image Include="res\menuimages_hc.bmp">
      <Filter>리소스 파일</Filter>
    </Image>
    <Image Include="res\output_wnd.ico">
      <Filter>리소스 파일</Filter>
    </Image>
    <Image Include="res\output_wnd_hc.ico">
      <Filter>리소스 파일</Filter>
    </Image>
    <Image Include="res\properties_wnd.ico">
      <Filter>리소스 파일</Filter>
    </Image>
    <Image Include="res\properties_wnd_hc.ico">
      <Filter>리소스 파일</Filter>
    </Image>
    <Image Include="res\properties.bmp">
      <Filter>리소스 파일</Filter>
    </Image>
    <Image Include="res\properties_hc.bmp">
      <Filter>리소스 파일</Filter>
    </Image>
    <Image Include="res\nav_large.bmp">
      <Filter>리소스 파일</Filter>
    </Image>
    <Image Include="res\nav_large_hc.bmp">
      <Filter>리소스 파일</Filter>
    </Image>
    <Image Include="res\pages.bmp">
      <Filter>리소스 파일</Filter>
    </Image>
    <Image Include="res\pages_hc.bmp">
      <Filter>리소스 파일</Filter>
    </Image>
    <Image Include="res\pages_small.bmp">
      <Filter>리소스 파일</Filter>
    </Image>
    <Image Include="res\pages_small_hc.bmp">
      <Filter>리소스 파일</Filter>
    </Image>
    <Image Include="res\info.bmp">
      <Filter>리소스 파일</Filter>
    </Image>
    <Image Include="UserImages.bmp">
      <Filter>리소스 파일</Filter>
    </Image>
    <Image Include="res\ClassifyDoc.ico">
      <Filter>리소스 파일</Filter>
    </Image>
    <Image Include="res\Classify.ico">
      <Filter>리소스 파일</Filter>
    </Image>
    <Image Include="res\Toolbar.bmp">
      <Filter>리소스 파일</Filter>
    </Image>
    <Image Include="res\Toolbar256.bmp">
      <Filter>리소스 파일</Filter>
    </Image>
    <Image Include="..\Classifyres\DDPView.ico">
      <Filter>리소스 파일</Filter>
    </Image>
    <Image Include="..\Classifyres\ClaByDDFView.ico">
      <Filter>리소스 파일</Filter>
    </Image>
    <Image Include="..\Classifyres\ClusteringView.ico">
      <Filter>리소스 파일</Filter>
    </Image>
  </ItemGroup>
</Project>